// !$*UTF8*$!
{
	archiveVersion = 1;
	classes = {
	};
	objectVersion = 46;
	objects = {

/* Begin PBXBuildFile section */
		CD3C817519D1E34800F540A3 /* AppDelegate.swift in Sources */ = {isa = PBXBuildFile; fileRef = CD3C817419D1E34800F540A3 /* AppDelegate.swift */; };
		CD3C817719D1E34800F540A3 /* ViewController.swift in Sources */ = {isa = PBXBuildFile; fileRef = CD3C817619D1E34800F540A3 /* ViewController.swift */; };
		CD3C817A19D1E34800F540A3 /* Main.storyboard in Resources */ = {isa = PBXBuildFile; fileRef = CD3C817819D1E34800F540A3 /* Main.storyboard */; };
		CD3C817C19D1E34800F540A3 /* Images.xcassets in Resources */ = {isa = PBXBuildFile; fileRef = CD3C817B19D1E34800F540A3 /* Images.xcassets */; };
		CD3C817F19D1E34800F540A3 /* LaunchScreen.xib in Resources */ = {isa = PBXBuildFile; fileRef = CD3C817D19D1E34800F540A3 /* LaunchScreen.xib */; };
		CD3C818B19D1E34800F540A3 /* lureTests.swift in Sources */ = {isa = PBXBuildFile; fileRef = CD3C818A19D1E34800F540A3 /* lureTests.swift */; };
		CD5BFB6119D53A17002B7F14 /* Bolts.framework in Frameworks */ = {isa = PBXBuildFile; fileRef = CD5BFB5F19D53A17002B7F14 /* Bolts.framework */; };
		CD5BFB6219D53A17002B7F14 /* Parse.framework in Frameworks */ = {isa = PBXBuildFile; fileRef = CD5BFB6019D53A17002B7F14 /* Parse.framework */; };
		CD5BFB6419D53B73002B7F14 /* AudioToolbox.framework in Frameworks */ = {isa = PBXBuildFile; fileRef = CD5BFB6319D53B73002B7F14 /* AudioToolbox.framework */; };
		CD5BFB6619D53B7D002B7F14 /* CFNetwork.framework in Frameworks */ = {isa = PBXBuildFile; fileRef = CD5BFB6519D53B7D002B7F14 /* CFNetwork.framework */; };
		CD5BFB6819D53B88002B7F14 /* CoreGraphics.framework in Frameworks */ = {isa = PBXBuildFile; fileRef = CD5BFB6719D53B88002B7F14 /* CoreGraphics.framework */; };
		CD5BFB6A19D53B95002B7F14 /* CoreLocation.framework in Frameworks */ = {isa = PBXBuildFile; fileRef = CD5BFB6919D53B95002B7F14 /* CoreLocation.framework */; };
		CD5BFB6C19D53BA8002B7F14 /* libz.dylib in Frameworks */ = {isa = PBXBuildFile; fileRef = CD5BFB6B19D53BA8002B7F14 /* libz.dylib */; };
		CD5BFB6E19D53BBA002B7F14 /* MobileCoreServices.framework in Frameworks */ = {isa = PBXBuildFile; fileRef = CD5BFB6D19D53BBA002B7F14 /* MobileCoreServices.framework */; };
		CD5BFB7019D53BC6002B7F14 /* QuartzCore.framework in Frameworks */ = {isa = PBXBuildFile; fileRef = CD5BFB6F19D53BC6002B7F14 /* QuartzCore.framework */; };
		CD5BFB7219D53BD3002B7F14 /* Security.framework in Frameworks */ = {isa = PBXBuildFile; fileRef = CD5BFB7119D53BD3002B7F14 /* Security.framework */; };
		CD5BFB7419D53BDE002B7F14 /* StoreKit.framework in Frameworks */ = {isa = PBXBuildFile; fileRef = CD5BFB7319D53BDE002B7F14 /* StoreKit.framework */; };
		CD5BFB7619D53BF0002B7F14 /* SystemConfiguration.framework in Frameworks */ = {isa = PBXBuildFile; fileRef = CD5BFB7519D53BF0002B7F14 /* SystemConfiguration.framework */; };
/* End PBXBuildFile section */

/* Begin PBXContainerItemProxy section */
		CD3C818519D1E34800F540A3 /* PBXContainerItemProxy */ = {
			isa = PBXContainerItemProxy;
			containerPortal = CD3C816719D1E34800F540A3 /* Project object */;
			proxyType = 1;
			remoteGlobalIDString = CD3C816E19D1E34800F540A3;
			remoteInfo = lure;
		};
/* End PBXContainerItemProxy section */

/* Begin PBXFileReference section */
		CD3C816F19D1E34800F540A3 /* lure.app */ = {isa = PBXFileReference; explicitFileType = wrapper.application; includeInIndex = 0; path = lure.app; sourceTree = BUILT_PRODUCTS_DIR; };
		CD3C817319D1E34800F540A3 /* Info.plist */ = {isa = PBXFileReference; lastKnownFileType = text.plist.xml; path = Info.plist; sourceTree = "<group>"; };
		CD3C817419D1E34800F540A3 /* AppDelegate.swift */ = {isa = PBXFileReference; lastKnownFileType = sourcecode.swift; path = AppDelegate.swift; sourceTree = "<group>"; };
		CD3C817619D1E34800F540A3 /* ViewController.swift */ = {isa = PBXFileReference; lastKnownFileType = sourcecode.swift; path = ViewController.swift; sourceTree = "<group>"; };
		CD3C817919D1E34800F540A3 /* Base */ = {isa = PBXFileReference; lastKnownFileType = file.storyboard; name = Base; path = Base.lproj/Main.storyboard; sourceTree = "<group>"; };
		CD3C817B19D1E34800F540A3 /* Images.xcassets */ = {isa = PBXFileReference; lastKnownFileType = folder.assetcatalog; path = Images.xcassets; sourceTree = "<group>"; };
		CD3C817E19D1E34800F540A3 /* Base */ = {isa = PBXFileReference; lastKnownFileType = file.xib; name = Base; path = Base.lproj/LaunchScreen.xib; sourceTree = "<group>"; };
		CD3C818419D1E34800F540A3 /* lureTests.xctest */ = {isa = PBXFileReference; explicitFileType = wrapper.cfbundle; includeInIndex = 0; path = lureTests.xctest; sourceTree = BUILT_PRODUCTS_DIR; };
		CD3C818919D1E34800F540A3 /* Info.plist */ = {isa = PBXFileReference; lastKnownFileType = text.plist.xml; path = Info.plist; sourceTree = "<group>"; };
		CD3C818A19D1E34800F540A3 /* lureTests.swift */ = {isa = PBXFileReference; lastKnownFileType = sourcecode.swift; path = lureTests.swift; sourceTree = "<group>"; };
		CD5BFB5F19D53A17002B7F14 /* Bolts.framework */ = {isa = PBXFileReference; lastKnownFileType = wrapper.framework; path = Bolts.framework; sourceTree = "<group>"; };
		CD5BFB6019D53A17002B7F14 /* Parse.framework */ = {isa = PBXFileReference; lastKnownFileType = wrapper.framework; path = Parse.framework; sourceTree = "<group>"; };
		CD5BFB6319D53B73002B7F14 /* AudioToolbox.framework */ = {isa = PBXFileReference; lastKnownFileType = wrapper.framework; name = AudioToolbox.framework; path = System/Library/Frameworks/AudioToolbox.framework; sourceTree = SDKROOT; };
		CD5BFB6519D53B7D002B7F14 /* CFNetwork.framework */ = {isa = PBXFileReference; lastKnownFileType = wrapper.framework; name = CFNetwork.framework; path = System/Library/Frameworks/CFNetwork.framework; sourceTree = SDKROOT; };
		CD5BFB6719D53B88002B7F14 /* CoreGraphics.framework */ = {isa = PBXFileReference; lastKnownFileType = wrapper.framework; name = CoreGraphics.framework; path = System/Library/Frameworks/CoreGraphics.framework; sourceTree = SDKROOT; };
		CD5BFB6919D53B95002B7F14 /* CoreLocation.framework */ = {isa = PBXFileReference; lastKnownFileType = wrapper.framework; name = CoreLocation.framework; path = System/Library/Frameworks/CoreLocation.framework; sourceTree = SDKROOT; };
		CD5BFB6B19D53BA8002B7F14 /* libz.dylib */ = {isa = PBXFileReference; lastKnownFileType = "compiled.mach-o.dylib"; name = libz.dylib; path = usr/lib/libz.dylib; sourceTree = SDKROOT; };
		CD5BFB6D19D53BBA002B7F14 /* MobileCoreServices.framework */ = {isa = PBXFileReference; lastKnownFileType = wrapper.framework; name = MobileCoreServices.framework; path = System/Library/Frameworks/MobileCoreServices.framework; sourceTree = SDKROOT; };
		CD5BFB6F19D53BC6002B7F14 /* QuartzCore.framework */ = {isa = PBXFileReference; lastKnownFileType = wrapper.framework; name = QuartzCore.framework; path = System/Library/Frameworks/QuartzCore.framework; sourceTree = SDKROOT; };
		CD5BFB7119D53BD3002B7F14 /* Security.framework */ = {isa = PBXFileReference; lastKnownFileType = wrapper.framework; name = Security.framework; path = System/Library/Frameworks/Security.framework; sourceTree = SDKROOT; };
		CD5BFB7319D53BDE002B7F14 /* StoreKit.framework */ = {isa = PBXFileReference; lastKnownFileType = wrapper.framework; name = StoreKit.framework; path = System/Library/Frameworks/StoreKit.framework; sourceTree = SDKROOT; };
		CD5BFB7519D53BF0002B7F14 /* SystemConfiguration.framework */ = {isa = PBXFileReference; lastKnownFileType = wrapper.framework; name = SystemConfiguration.framework; path = System/Library/Frameworks/SystemConfiguration.framework; sourceTree = SDKROOT; };
		CD5BFB7719D53CD0002B7F14 /* lure-Bridging-Header.h */ = {isa = PBXFileReference; lastKnownFileType = sourcecode.c.h; path = "lure-Bridging-Header.h"; sourceTree = "<group>"; };
/* End PBXFileReference section */

/* Begin PBXFrameworksBuildPhase section */
		CD3C816C19D1E34800F540A3 /* Frameworks */ = {
			isa = PBXFrameworksBuildPhase;
			buildActionMask = 2147483647;
			files = (
				CD5BFB7619D53BF0002B7F14 /* SystemConfiguration.framework in Frameworks */,
				CD5BFB7419D53BDE002B7F14 /* StoreKit.framework in Frameworks */,
				CD5BFB7219D53BD3002B7F14 /* Security.framework in Frameworks */,
				CD5BFB7019D53BC6002B7F14 /* QuartzCore.framework in Frameworks */,
				CD5BFB6E19D53BBA002B7F14 /* MobileCoreServices.framework in Frameworks */,
				CD5BFB6C19D53BA8002B7F14 /* libz.dylib in Frameworks */,
				CD5BFB6A19D53B95002B7F14 /* CoreLocation.framework in Frameworks */,
				CD5BFB6819D53B88002B7F14 /* CoreGraphics.framework in Frameworks */,
				CD5BFB6619D53B7D002B7F14 /* CFNetwork.framework in Frameworks */,
				CD5BFB6419D53B73002B7F14 /* AudioToolbox.framework in Frameworks */,
				CD5BFB6219D53A17002B7F14 /* Parse.framework in Frameworks */,
				CD5BFB6119D53A17002B7F14 /* Bolts.framework in Frameworks */,
			);
			runOnlyForDeploymentPostprocessing = 0;
		};
		CD3C818119D1E34800F540A3 /* Frameworks */ = {
			isa = PBXFrameworksBuildPhase;
			buildActionMask = 2147483647;
			files = (
			);
			runOnlyForDeploymentPostprocessing = 0;
		};
/* End PBXFrameworksBuildPhase section */

/* Begin PBXGroup section */
		CD3C816619D1E34800F540A3 = {
			isa = PBXGroup;
			children = (
				CD5BFB7519D53BF0002B7F14 /* SystemConfiguration.framework */,
				CD5BFB7319D53BDE002B7F14 /* StoreKit.framework */,
				CD5BFB7119D53BD3002B7F14 /* Security.framework */,
				CD5BFB6F19D53BC6002B7F14 /* QuartzCore.framework */,
				CD5BFB6D19D53BBA002B7F14 /* MobileCoreServices.framework */,
				CD5BFB6B19D53BA8002B7F14 /* libz.dylib */,
				CD5BFB6919D53B95002B7F14 /* CoreLocation.framework */,
				CD5BFB6719D53B88002B7F14 /* CoreGraphics.framework */,
				CD5BFB6519D53B7D002B7F14 /* CFNetwork.framework */,
				CD5BFB6319D53B73002B7F14 /* AudioToolbox.framework */,
				CD3C817119D1E34800F540A3 /* lure */,
				CD3C818719D1E34800F540A3 /* lureTests */,
				CD3C817019D1E34800F540A3 /* Products */,
				CD5BFB7719D53CD0002B7F14 /* lure-Bridging-Header.h */,
			);
			sourceTree = "<group>";
		};
		CD3C817019D1E34800F540A3 /* Products */ = {
			isa = PBXGroup;
			children = (
				CD3C816F19D1E34800F540A3 /* lure.app */,
				CD3C818419D1E34800F540A3 /* lureTests.xctest */,
			);
			name = Products;
			sourceTree = "<group>";
		};
		CD3C817119D1E34800F540A3 /* lure */ = {
			isa = PBXGroup;
			children = (
				CD5BFB5F19D53A17002B7F14 /* Bolts.framework */,
				CD5BFB6019D53A17002B7F14 /* Parse.framework */,
				CD3C817419D1E34800F540A3 /* AppDelegate.swift */,
				CD3C817619D1E34800F540A3 /* ViewController.swift */,
				CD3C817819D1E34800F540A3 /* Main.storyboard */,
				CD3C817B19D1E34800F540A3 /* Images.xcassets */,
				CD3C817D19D1E34800F540A3 /* LaunchScreen.xib */,
				CD3C817219D1E34800F540A3 /* Supporting Files */,
			);
			path = lure;
			sourceTree = "<group>";
		};
		CD3C817219D1E34800F540A3 /* Supporting Files */ = {
			isa = PBXGroup;
			children = (
				CD3C817319D1E34800F540A3 /* Info.plist */,
			);
			name = "Supporting Files";
			sourceTree = "<group>";
		};
		CD3C818719D1E34800F540A3 /* lureTests */ = {
			isa = PBXGroup;
			children = (
				CD3C818A19D1E34800F540A3 /* lureTests.swift */,
				CD3C818819D1E34800F540A3 /* Supporting Files */,
			);
			path = lureTests;
			sourceTree = "<group>";
		};
		CD3C818819D1E34800F540A3 /* Supporting Files */ = {
			isa = PBXGroup;
			children = (
				CD3C818919D1E34800F540A3 /* Info.plist */,
			);
			name = "Supporting Files";
			sourceTree = "<group>";
		};
/* End PBXGroup section */

/* Begin PBXNativeTarget section */
		CD3C816E19D1E34800F540A3 /* lure */ = {
			isa = PBXNativeTarget;
			buildConfigurationList = CD3C818E19D1E34800F540A3 /* Build configuration list for PBXNativeTarget "lure" */;
			buildPhases = (
				CD3C816B19D1E34800F540A3 /* Sources */,
				CD3C816C19D1E34800F540A3 /* Frameworks */,
				CD3C816D19D1E34800F540A3 /* Resources */,
			);
			buildRules = (
			);
			dependencies = (
			);
			name = lure;
			productName = lure;
			productReference = CD3C816F19D1E34800F540A3 /* lure.app */;
			productType = "com.apple.product-type.application";
		};
		CD3C818319D1E34800F540A3 /* lureTests */ = {
			isa = PBXNativeTarget;
			buildConfigurationList = CD3C819119D1E34800F540A3 /* Build configuration list for PBXNativeTarget "lureTests" */;
			buildPhases = (
				CD3C818019D1E34800F540A3 /* Sources */,
				CD3C818119D1E34800F540A3 /* Frameworks */,
				CD3C818219D1E34800F540A3 /* Resources */,
			);
			buildRules = (
			);
			dependencies = (
				CD3C818619D1E34800F540A3 /* PBXTargetDependency */,
			);
			name = lureTests;
			productName = lureTests;
			productReference = CD3C818419D1E34800F540A3 /* lureTests.xctest */;
			productType = "com.apple.product-type.bundle.unit-test";
		};
/* End PBXNativeTarget section */

/* Begin PBXProject section */
		CD3C816719D1E34800F540A3 /* Project object */ = {
			isa = PBXProject;
			attributes = {
				LastUpgradeCheck = 0600;
				ORGANIZATIONNAME = lure;
				TargetAttributes = {
					CD3C816E19D1E34800F540A3 = {
						CreatedOnToolsVersion = 6.0;
					};
					CD3C818319D1E34800F540A3 = {
						CreatedOnToolsVersion = 6.0;
						TestTargetID = CD3C816E19D1E34800F540A3;
					};
				};
			};
			buildConfigurationList = CD3C816A19D1E34800F540A3 /* Build configuration list for PBXProject "lure" */;
			compatibilityVersion = "Xcode 3.2";
			developmentRegion = English;
			hasScannedForEncodings = 0;
			knownRegions = (
				en,
				Base,
			);
			mainGroup = CD3C816619D1E34800F540A3;
			productRefGroup = CD3C817019D1E34800F540A3 /* Products */;
			projectDirPath = "";
			projectRoot = "";
			targets = (
				CD3C816E19D1E34800F540A3 /* lure */,
				CD3C818319D1E34800F540A3 /* lureTests */,
			);
		};
/* End PBXProject section */

/* Begin PBXResourcesBuildPhase section */
		CD3C816D19D1E34800F540A3 /* Resources */ = {
			isa = PBXResourcesBuildPhase;
			buildActionMask = 2147483647;
			files = (
				CD3C817A19D1E34800F540A3 /* Main.storyboard in Resources */,
				CD3C817F19D1E34800F540A3 /* LaunchScreen.xib in Resources */,
				CD3C817C19D1E34800F540A3 /* Images.xcassets in Resources */,
			);
			runOnlyForDeploymentPostprocessing = 0;
		};
		CD3C818219D1E34800F540A3 /* Resources */ = {
			isa = PBXResourcesBuildPhase;
			buildActionMask = 2147483647;
			files = (
			);
			runOnlyForDeploymentPostprocessing = 0;
		};
/* End PBXResourcesBuildPhase section */

/* Begin PBXSourcesBuildPhase section */
		CD3C816B19D1E34800F540A3 /* Sources */ = {
			isa = PBXSourcesBuildPhase;
			buildActionMask = 2147483647;
			files = (
				CD3C817719D1E34800F540A3 /* ViewController.swift in Sources */,
				CD3C817519D1E34800F540A3 /* AppDelegate.swift in Sources */,
			);
			runOnlyForDeploymentPostprocessing = 0;
		};
		CD3C818019D1E34800F540A3 /* Sources */ = {
			isa = PBXSourcesBuildPhase;
			buildActionMask = 2147483647;
			files = (
				CD3C818B19D1E34800F540A3 /* lureTests.swift in Sources */,
			);
			runOnlyForDeploymentPostprocessing = 0;
		};
/* End PBXSourcesBuildPhase section */

/* Begin PBXTargetDependency section */
		CD3C818619D1E34800F540A3 /* PBXTargetDependency */ = {
			isa = PBXTargetDependency;
			target = CD3C816E19D1E34800F540A3 /* lure */;
			targetProxy = CD3C818519D1E34800F540A3 /* PBXContainerItemProxy */;
		};
/* End PBXTargetDependency section */

/* Begin PBXVariantGroup section */
		CD3C817819D1E34800F540A3 /* Main.storyboard */ = {
			isa = PBXVariantGroup;
			children = (
				CD3C817919D1E34800F540A3 /* Base */,
			);
			name = Main.storyboard;
			sourceTree = "<group>";
		};
		CD3C817D19D1E34800F540A3 /* LaunchScreen.xib */ = {
			isa = PBXVariantGroup;
			children = (
				CD3C817E19D1E34800F540A3 /* Base */,
			);
			name = LaunchScreen.xib;
			sourceTree = "<group>";
		};
/* End PBXVariantGroup section */

/* Begin XCBuildConfiguration section */
		CD3C818C19D1E34800F540A3 /* Debug */ = {
			isa = XCBuildConfiguration;
			buildSettings = {
				ALWAYS_SEARCH_USER_PATHS = NO;
				CLANG_CXX_LANGUAGE_STANDARD = "gnu++0x";
				CLANG_CXX_LIBRARY = "libc++";
				CLANG_ENABLE_MODULES = YES;
				CLANG_ENABLE_OBJC_ARC = YES;
				CLANG_WARN_BOOL_CONVERSION = YES;
				CLANG_WARN_CONSTANT_CONVERSION = YES;
				CLANG_WARN_DIRECT_OBJC_ISA_USAGE = YES_ERROR;
				CLANG_WARN_EMPTY_BODY = YES;
				CLANG_WARN_ENUM_CONVERSION = YES;
				CLANG_WARN_INT_CONVERSION = YES;
				CLANG_WARN_OBJC_ROOT_CLASS = YES_ERROR;
				CLANG_WARN_UNREACHABLE_CODE = YES;
				CLANG_WARN__DUPLICATE_METHOD_MATCH = YES;
				"CODE_SIGN_IDENTITY[sdk=iphoneos*]" = "iPhone Developer";
				COPY_PHASE_STRIP = NO;
				ENABLE_STRICT_OBJC_MSGSEND = YES;
				GCC_C_LANGUAGE_STANDARD = gnu99;
				GCC_DYNAMIC_NO_PIC = NO;
				GCC_OPTIMIZATION_LEVEL = 0;
				GCC_PREPROCESSOR_DEFINITIONS = (
					"DEBUG=1",
					"$(inherited)",
				);
				GCC_SYMBOLS_PRIVATE_EXTERN = NO;
				GCC_WARN_64_TO_32_BIT_CONVERSION = YES;
				GCC_WARN_ABOUT_RETURN_TYPE = YES_ERROR;
				GCC_WARN_UNDECLARED_SELECTOR = YES;
				GCC_WARN_UNINITIALIZED_AUTOS = YES_AGGRESSIVE;
				GCC_WARN_UNUSED_FUNCTION = YES;
				GCC_WARN_UNUSED_VARIABLE = YES;
				IPHONEOS_DEPLOYMENT_TARGET = 8.0;
				MTL_ENABLE_DEBUG_INFO = YES;
				ONLY_ACTIVE_ARCH = YES;
				SDKROOT = iphoneos;
				SWIFT_OPTIMIZATION_LEVEL = "-Onone";
			};
			name = Debug;
		};
		CD3C818D19D1E34800F540A3 /* Release */ = {
			isa = XCBuildConfiguration;
			buildSettings = {
				ALWAYS_SEARCH_USER_PATHS = NO;
				CLANG_CXX_LANGUAGE_STANDARD = "gnu++0x";
				CLANG_CXX_LIBRARY = "libc++";
				CLANG_ENABLE_MODULES = YES;
				CLANG_ENABLE_OBJC_ARC = YES;
				CLANG_WARN_BOOL_CONVERSION = YES;
				CLANG_WARN_CONSTANT_CONVERSION = YES;
				CLANG_WARN_DIRECT_OBJC_ISA_USAGE = YES_ERROR;
				CLANG_WARN_EMPTY_BODY = YES;
				CLANG_WARN_ENUM_CONVERSION = YES;
				CLANG_WARN_INT_CONVERSION = YES;
				CLANG_WARN_OBJC_ROOT_CLASS = YES_ERROR;
				CLANG_WARN_UNREACHABLE_CODE = YES;
				CLANG_WARN__DUPLICATE_METHOD_MATCH = YES;
				"CODE_SIGN_IDENTITY[sdk=iphoneos*]" = "iPhone Developer";
				COPY_PHASE_STRIP = YES;
				ENABLE_NS_ASSERTIONS = NO;
				ENABLE_STRICT_OBJC_MSGSEND = YES;
				GCC_C_LANGUAGE_STANDARD = gnu99;
				GCC_WARN_64_TO_32_BIT_CONVERSION = YES;
				GCC_WARN_ABOUT_RETURN_TYPE = YES_ERROR;
				GCC_WARN_UNDECLARED_SELECTOR = YES;
				GCC_WARN_UNINITIALIZED_AUTOS = YES_AGGRESSIVE;
				GCC_WARN_UNUSED_FUNCTION = YES;
				GCC_WARN_UNUSED_VARIABLE = YES;
				IPHONEOS_DEPLOYMENT_TARGET = 8.0;
				MTL_ENABLE_DEBUG_INFO = NO;
				SDKROOT = iphoneos;
				VALIDATE_PRODUCT = YES;
			};
			name = Release;
		};
		CD3C818F19D1E34800F540A3 /* Debug */ = {
			isa = XCBuildConfiguration;
			buildSettings = {
				ASSETCATALOG_COMPILER_APPICON_NAME = AppIcon;
				CLANG_ENABLE_MODULES = YES;
				FRAMEWORK_SEARCH_PATHS = (
					"$(inherited)",
					"$(PROJECT_DIR)/parse-library-1.4.1",
					2,
					"$(PROJECT_DIR)/lure",
				);
				INFOPLIST_FILE = lure/Info.plist;
				LD_RUNPATH_SEARCH_PATHS = "$(inherited) @executable_path/Frameworks";
				PRODUCT_NAME = "$(TARGET_NAME)";
				SWIFT_OBJC_BRIDGING_HEADER = "lure-Bridging-Header.h";
				SWIFT_OPTIMIZATION_LEVEL = "-Onone";
			};
			name = Debug;
		};
		CD3C819019D1E34800F540A3 /* Release */ = {
			isa = XCBuildConfiguration;
			buildSettings = {
				ASSETCATALOG_COMPILER_APPICON_NAME = AppIcon;
				CLANG_ENABLE_MODULES = YES;
				FRAMEWORK_SEARCH_PATHS = (
					"$(inherited)",
					"$(PROJECT_DIR)/parse-library-1.4.1",
					2,
					"$(PROJECT_DIR)/lure",
				);
				INFOPLIST_FILE = lure/Info.plist;
				LD_RUNPATH_SEARCH_PATHS = "$(inherited) @executable_path/Frameworks";
				PRODUCT_NAME = "$(TARGET_NAME)";
				SWIFT_OBJC_BRIDGING_HEADER = "lure-Bridging-Header.h";
			};
			name = Release;
		};
		CD3C819219D1E34800F540A3 /* Debug */ = {
			isa = XCBuildConfiguration;
			buildSettings = {
				BUNDLE_LOADER = "$(TEST_HOST)";
				FRAMEWORK_SEARCH_PATHS = (
					"$(SDKROOT)/Developer/Library/Frameworks",
					"$(inherited)",
				);
				GCC_PREPROCESSOR_DEFINITIONS = (
					"DEBUG=1",
					"$(inherited)",
				);
				INFOPLIST_FILE = lureTests/Info.plist;
				LD_RUNPATH_SEARCH_PATHS = "$(inherited) @executable_path/Frameworks @loader_path/Frameworks";
				PRODUCT_NAME = "$(TARGET_NAME)";
				TEST_HOST = "$(BUILT_PRODUCTS_DIR)/lure.app/lure";
			};
			name = Debug;
		};
		CD3C819319D1E34800F540A3 /* Release */ = {
			isa = XCBuildConfiguration;
			buildSettings = {
				BUNDLE_LOADER = "$(TEST_HOST)";
				FRAMEWORK_SEARCH_PATHS = (
					"$(SDKROOT)/Developer/Library/Frameworks",
					"$(inherited)",
				);
				INFOPLIST_FILE = lureTests/Info.plist;
				LD_RUNPATH_SEARCH_PATHS = "$(inherited) @executable_path/Frameworks @loader_path/Frameworks";
				PRODUCT_NAME = "$(TARGET_NAME)";
				TEST_HOST = "$(BUILT_PRODUCTS_DIR)/lure.app/lure";
			};
			name = Release;
		};
/* End XCBuildConfiguration section */

/* Begin XCConfigurationList section */
		CD3C816A19D1E34800F540A3 /* Build configuration list for PBXProject "lure" */ = {
			isa = XCConfigurationList;
			buildConfigurations = (
				CD3C818C19D1E34800F540A3 /* Debug */,
				CD3C818D19D1E34800F540A3 /* Release */,
			);
			defaultConfigurationIsVisible = 0;
			defaultConfigurationName = Release;
		};
		CD3C818E19D1E34800F540A3 /* Build configuration list for PBXNativeTarget "lure" */ = {
			isa = XCConfigurationList;
			buildConfigurations = (
				CD3C818F19D1E34800F540A3 /* Debug */,
				CD3C819019D1E34800F540A3 /* Release */,
			);
			defaultConfigurationIsVisible = 0;
			defaultConfigurationName = Release;
		};
		CD3C819119D1E34800F540A3 /* Build configuration list for PBXNativeTarget "lureTests" */ = {
			isa = XCConfigurationList;
			buildConfigurations = (
				CD3C819219D1E34800F540A3 /* Debug */,
				CD3C819319D1E34800F540A3 /* Release */,
			);
			defaultConfigurationIsVisible = 0;
			defaultConfigurationName = Release;
		};
/* End XCConfigurationList section */
	};
	rootObject = CD3C816719D1E34800F540A3 /* Project object */;
}
